// !$*UTF8*$!
{
	archiveVersion = 1;
	classes = {
	};
	objectVersion = 46;
	objects = {

/* Begin PBXBuildFile section */
		3A1D1FBB18872592002FD2A5 /* Foundation.framework in Frameworks */ = {isa = PBXBuildFile; fileRef = 3A1D1FBA18872592002FD2A5 /* Foundation.framework */; };
		3A1D1FBD18872592002FD2A5 /* CoreGraphics.framework in Frameworks */ = {isa = PBXBuildFile; fileRef = 3A1D1FBC18872592002FD2A5 /* CoreGraphics.framework */; };
		3A1D1FBF18872592002FD2A5 /* UIKit.framework in Frameworks */ = {isa = PBXBuildFile; fileRef = 3A1D1FBE18872592002FD2A5 /* UIKit.framework */; };
		3A1D1FC518872592002FD2A5 /* InfoPlist.strings in Resources */ = {isa = PBXBuildFile; fileRef = 3A1D1FC318872592002FD2A5 /* InfoPlist.strings */; };
		3A1D1FC718872592002FD2A5 /* main.m in Sources */ = {isa = PBXBuildFile; fileRef = 3A1D1FC618872592002FD2A5 /* main.m */; };
		3A1D1FCB18872592002FD2A5 /* AppDelegate.m in Sources */ = {isa = PBXBuildFile; fileRef = 3A1D1FCA18872592002FD2A5 /* AppDelegate.m */; };
		3A1D1FCE18872592002FD2A5 /* Main.storyboard in Resources */ = {isa = PBXBuildFile; fileRef = 3A1D1FCC18872592002FD2A5 /* Main.storyboard */; };
		3A1D1FD118872592002FD2A5 /* ViewController.m in Sources */ = {isa = PBXBuildFile; fileRef = 3A1D1FD018872592002FD2A5 /* ViewController.m */; };
		3A1D1FD318872592002FD2A5 /* Images.xcassets in Resources */ = {isa = PBXBuildFile; fileRef = 3A1D1FD218872592002FD2A5 /* Images.xcassets */; };
		3A1D1FDA18872592002FD2A5 /* XCTest.framework in Frameworks */ = {isa = PBXBuildFile; fileRef = 3A1D1FD918872592002FD2A5 /* XCTest.framework */; };
		3A1D1FDB18872592002FD2A5 /* Foundation.framework in Frameworks */ = {isa = PBXBuildFile; fileRef = 3A1D1FBA18872592002FD2A5 /* Foundation.framework */; };
		3A1D1FDC18872592002FD2A5 /* UIKit.framework in Frameworks */ = {isa = PBXBuildFile; fileRef = 3A1D1FBE18872592002FD2A5 /* UIKit.framework */; };
		3A1D1FE418872592002FD2A5 /* InfoPlist.strings in Resources */ = {isa = PBXBuildFile; fileRef = 3A1D1FE218872592002FD2A5 /* InfoPlist.strings */; };
		3A1D1FE618872592002FD2A5 /* FarkleTests.m in Sources */ = {isa = PBXBuildFile; fileRef = 3A1D1FE518872592002FD2A5 /* FarkleTests.m */; };
		3A1D1FF1188725AE002FD2A5 /* DieLabel.m in Sources */ = {isa = PBXBuildFile; fileRef = 3A1D1FF0188725AE002FD2A5 /* DieLabel.m */; };
		3A1D1FF4188762BD002FD2A5 /* CheckMate.framework in Frameworks */ = {isa = PBXBuildFile; fileRef = 3A1D1FF3188762BD002FD2A5 /* CheckMate.framework */; };
/* End PBXBuildFile section */

/* Begin PBXContainerItemProxy section */
		3A1D1FDD18872592002FD2A5 /* PBXContainerItemProxy */ = {
			isa = PBXContainerItemProxy;
			containerPortal = 3A1D1FAF18872592002FD2A5 /* Project object */;
			proxyType = 1;
			remoteGlobalIDString = 3A1D1FB618872592002FD2A5;
			remoteInfo = Farkle;
		};
/* End PBXContainerItemProxy section */

/* Begin PBXFileReference section */
		3A1D1FB718872592002FD2A5 /* Farkle.app */ = {isa = PBXFileReference; explicitFileType = wrapper.application; includeInIndex = 0; path = Farkle.app; sourceTree = BUILT_PRODUCTS_DIR; };
		3A1D1FBA18872592002FD2A5 /* Foundation.framework */ = {isa = PBXFileReference; lastKnownFileType = wrapper.framework; name = Foundation.framework; path = System/Library/Frameworks/Foundation.framework; sourceTree = SDKROOT; };
		3A1D1FBC18872592002FD2A5 /* CoreGraphics.framework */ = {isa = PBXFileReference; lastKnownFileType = wrapper.framework; name = CoreGraphics.framework; path = System/Library/Frameworks/CoreGraphics.framework; sourceTree = SDKROOT; };
		3A1D1FBE18872592002FD2A5 /* UIKit.framework */ = {isa = PBXFileReference; lastKnownFileType = wrapper.framework; name = UIKit.framework; path = System/Library/Frameworks/UIKit.framework; sourceTree = SDKROOT; };
		3A1D1FC218872592002FD2A5 /* Farkle-Info.plist */ = {isa = PBXFileReference; lastKnownFileType = text.plist.xml; path = "Farkle-Info.plist"; sourceTree = "<group>"; };
		3A1D1FC418872592002FD2A5 /* en */ = {isa = PBXFileReference; lastKnownFileType = text.plist.strings; name = en; path = en.lproj/InfoPlist.strings; sourceTree = "<group>"; };
		3A1D1FC618872592002FD2A5 /* main.m */ = {isa = PBXFileReference; lastKnownFileType = sourcecode.c.objc; path = main.m; sourceTree = "<group>"; };
		3A1D1FC818872592002FD2A5 /* Farkle-Prefix.pch */ = {isa = PBXFileReference; lastKnownFileType = sourcecode.c.h; path = "Farkle-Prefix.pch"; sourceTree = "<group>"; };
		3A1D1FC918872592002FD2A5 /* AppDelegate.h */ = {isa = PBXFileReference; lastKnownFileType = sourcecode.c.h; path = AppDelegate.h; sourceTree = "<group>"; };
		3A1D1FCA18872592002FD2A5 /* AppDelegate.m */ = {isa = PBXFileReference; lastKnownFileType = sourcecode.c.objc; path = AppDelegate.m; sourceTree = "<group>"; };
		3A1D1FCD18872592002FD2A5 /* Base */ = {isa = PBXFileReference; lastKnownFileType = file.storyboard; name = Base; path = Base.lproj/Main.storyboard; sourceTree = "<group>"; };
		3A1D1FCF18872592002FD2A5 /* ViewController.h */ = {isa = PBXFileReference; lastKnownFileType = sourcecode.c.h; path = ViewController.h; sourceTree = "<group>"; };
		3A1D1FD018872592002FD2A5 /* ViewController.m */ = {isa = PBXFileReference; lastKnownFileType = sourcecode.c.objc; path = ViewController.m; sourceTree = "<group>"; };
		3A1D1FD218872592002FD2A5 /* Images.xcassets */ = {isa = PBXFileReference; lastKnownFileType = folder.assetcatalog; path = Images.xcassets; sourceTree = "<group>"; };
		3A1D1FD818872592002FD2A5 /* FarkleTests.xctest */ = {isa = PBXFileReference; explicitFileType = wrapper.cfbundle; includeInIndex = 0; path = FarkleTests.xctest; sourceTree = BUILT_PRODUCTS_DIR; };
		3A1D1FD918872592002FD2A5 /* XCTest.framework */ = {isa = PBXFileReference; lastKnownFileType = wrapper.framework; name = XCTest.framework; path = Library/Frameworks/XCTest.framework; sourceTree = DEVELOPER_DIR; };
		3A1D1FE118872592002FD2A5 /* FarkleTests-Info.plist */ = {isa = PBXFileReference; lastKnownFileType = text.plist.xml; path = "FarkleTests-Info.plist"; sourceTree = "<group>"; };
		3A1D1FE318872592002FD2A5 /* en */ = {isa = PBXFileReference; lastKnownFileType = text.plist.strings; name = en; path = en.lproj/InfoPlist.strings; sourceTree = "<group>"; };
		3A1D1FE518872592002FD2A5 /* FarkleTests.m */ = {isa = PBXFileReference; lastKnownFileType = sourcecode.c.objc; path = FarkleTests.m; sourceTree = "<group>"; };
		3A1D1FEF188725AE002FD2A5 /* DieLabel.h */ = {isa = PBXFileReference; fileEncoding = 4; lastKnownFileType = sourcecode.c.h; path = DieLabel.h; sourceTree = "<group>"; };
		3A1D1FF0188725AE002FD2A5 /* DieLabel.m */ = {isa = PBXFileReference; fileEncoding = 4; lastKnownFileType = sourcecode.c.objc; path = DieLabel.m; sourceTree = "<group>"; };
		3A1D1FF218873226002FD2A5 /* DieLabelDelegate.h */ = {isa = PBXFileReference; lastKnownFileType = sourcecode.c.h; path = DieLabelDelegate.h; sourceTree = "<group>"; };
		3A1D1FF3188762BD002FD2A5 /* CheckMate.framework */ = {isa = PBXFileReference; lastKnownFileType = wrapper.framework; name = CheckMate.framework; path = ../../MMPrep/CheckMate.framework; sourceTree = "<group>"; };
/* End PBXFileReference section */

/* Begin PBXFrameworksBuildPhase section */
		3A1D1FB418872592002FD2A5 /* Frameworks */ = {
			isa = PBXFrameworksBuildPhase;
			buildActionMask = 2147483647;
			files = (
				3A1D1FF4188762BD002FD2A5 /* CheckMate.framework in Frameworks */,
				3A1D1FBD18872592002FD2A5 /* CoreGraphics.framework in Frameworks */,
				3A1D1FBF18872592002FD2A5 /* UIKit.framework in Frameworks */,
				3A1D1FBB18872592002FD2A5 /* Foundation.framework in Frameworks */,
			);
			runOnlyForDeploymentPostprocessing = 0;
		};
		3A1D1FD518872592002FD2A5 /* Frameworks */ = {
			isa = PBXFrameworksBuildPhase;
			buildActionMask = 2147483647;
			files = (
				3A1D1FDA18872592002FD2A5 /* XCTest.framework in Frameworks */,
				3A1D1FDC18872592002FD2A5 /* UIKit.framework in Frameworks */,
				3A1D1FDB18872592002FD2A5 /* Foundation.framework in Frameworks */,
			);
			runOnlyForDeploymentPostprocessing = 0;
		};
/* End PBXFrameworksBuildPhase section */

/* Begin PBXGroup section */
		3A1D1FAE18872592002FD2A5 = {
			isa = PBXGroup;
			children = (
				3A1D1FC018872592002FD2A5 /* Farkle */,
				3A1D1FDF18872592002FD2A5 /* FarkleTests */,
				3A1D1FB918872592002FD2A5 /* Frameworks */,
				3A1D1FB818872592002FD2A5 /* Products */,
			);
			sourceTree = "<group>";
		};
		3A1D1FB818872592002FD2A5 /* Products */ = {
			isa = PBXGroup;
			children = (
				3A1D1FB718872592002FD2A5 /* Farkle.app */,
				3A1D1FD818872592002FD2A5 /* FarkleTests.xctest */,
			);
			name = Products;
			sourceTree = "<group>";
		};
		3A1D1FB918872592002FD2A5 /* Frameworks */ = {
			isa = PBXGroup;
			children = (
				3A1D1FF3188762BD002FD2A5 /* CheckMate.framework */,
				3A1D1FBA18872592002FD2A5 /* Foundation.framework */,
				3A1D1FBC18872592002FD2A5 /* CoreGraphics.framework */,
				3A1D1FBE18872592002FD2A5 /* UIKit.framework */,
				3A1D1FD918872592002FD2A5 /* XCTest.framework */,
			);
			name = Frameworks;
			sourceTree = "<group>";
		};
		3A1D1FC018872592002FD2A5 /* Farkle */ = {
			isa = PBXGroup;
			children = (
				3A1D1FC918872592002FD2A5 /* AppDelegate.h */,
				3A1D1FCA18872592002FD2A5 /* AppDelegate.m */,
				3A1D1FCC18872592002FD2A5 /* Main.storyboard */,
				3A1D1FF218873226002FD2A5 /* DieLabelDelegate.h */,
				3A1D1FEF188725AE002FD2A5 /* DieLabel.h */,
				3A1D1FF0188725AE002FD2A5 /* DieLabel.m */,
				3A1D1FCF18872592002FD2A5 /* ViewController.h */,
				3A1D1FD018872592002FD2A5 /* ViewController.m */,
				3A1D1FD218872592002FD2A5 /* Images.xcassets */,
				3A1D1FC118872592002FD2A5 /* Supporting Files */,
			);
			path = Farkle;
			sourceTree = "<group>";
		};
		3A1D1FC118872592002FD2A5 /* Supporting Files */ = {
			isa = PBXGroup;
			children = (
				3A1D1FC218872592002FD2A5 /* Farkle-Info.plist */,
				3A1D1FC318872592002FD2A5 /* InfoPlist.strings */,
				3A1D1FC618872592002FD2A5 /* main.m */,
				3A1D1FC818872592002FD2A5 /* Farkle-Prefix.pch */,
			);
			name = "Supporting Files";
			sourceTree = "<group>";
		};
		3A1D1FDF18872592002FD2A5 /* FarkleTests */ = {
			isa = PBXGroup;
			children = (
				3A1D1FE518872592002FD2A5 /* FarkleTests.m */,
				3A1D1FE018872592002FD2A5 /* Supporting Files */,
			);
			path = FarkleTests;
			sourceTree = "<group>";
		};
		3A1D1FE018872592002FD2A5 /* Supporting Files */ = {
			isa = PBXGroup;
			children = (
				3A1D1FE118872592002FD2A5 /* FarkleTests-Info.plist */,
				3A1D1FE218872592002FD2A5 /* InfoPlist.strings */,
			);
			name = "Supporting Files";
			sourceTree = "<group>";
		};
/* End PBXGroup section */

/* Begin PBXNativeTarget section */
		3A1D1FB618872592002FD2A5 /* Farkle */ = {
			isa = PBXNativeTarget;
			buildConfigurationList = 3A1D1FE918872592002FD2A5 /* Build configuration list for PBXNativeTarget "Farkle" */;
			buildPhases = (
				3A1D1FB318872592002FD2A5 /* Sources */,
				3A1D1FB418872592002FD2A5 /* Frameworks */,
				3A1D1FB518872592002FD2A5 /* Resources */,
			);
			buildRules = (
			);
			dependencies = (
			);
			name = Farkle;
			productName = Farkle;
			productReference = 3A1D1FB718872592002FD2A5 /* Farkle.app */;
			productType = "com.apple.product-type.application";
		};
		3A1D1FD718872592002FD2A5 /* FarkleTests */ = {
			isa = PBXNativeTarget;
			buildConfigurationList = 3A1D1FEC18872592002FD2A5 /* Build configuration list for PBXNativeTarget "FarkleTests" */;
			buildPhases = (
				3A1D1FD418872592002FD2A5 /* Sources */,
				3A1D1FD518872592002FD2A5 /* Frameworks */,
				3A1D1FD618872592002FD2A5 /* Resources */,
			);
			buildRules = (
			);
			dependencies = (
				3A1D1FDE18872592002FD2A5 /* PBXTargetDependency */,
			);
			name = FarkleTests;
			productName = FarkleTests;
			productReference = 3A1D1FD818872592002FD2A5 /* FarkleTests.xctest */;
			productType = "com.apple.product-type.bundle.unit-test";
		};
/* End PBXNativeTarget section */

/* Begin PBXProject section */
		3A1D1FAF18872592002FD2A5 /* Project object */ = {
			isa = PBXProject;
			attributes = {
				LastUpgradeCheck = 0500;
				ORGANIZATIONNAME = "Matthew Graham";
				TargetAttributes = {
					3A1D1FD718872592002FD2A5 = {
						TestTargetID = 3A1D1FB618872592002FD2A5;
					};
				};
			};
			buildConfigurationList = 3A1D1FB218872592002FD2A5 /* Build configuration list for PBXProject "Farkle" */;
			compatibilityVersion = "Xcode 3.2";
			developmentRegion = English;
			hasScannedForEncodings = 0;
			knownRegions = (
				en,
				Base,
			);
			mainGroup = 3A1D1FAE18872592002FD2A5;
			productRefGroup = 3A1D1FB818872592002FD2A5 /* Products */;
			projectDirPath = "";
			projectRoot = "";
			targets = (
				3A1D1FB618872592002FD2A5 /* Farkle */,
				3A1D1FD718872592002FD2A5 /* FarkleTests */,
			);
		};
/* End PBXProject section */

/* Begin PBXResourcesBuildPhase section */
		3A1D1FB518872592002FD2A5 /* Resources */ = {
			isa = PBXResourcesBuildPhase;
			buildActionMask = 2147483647;
			files = (
				3A1D1FD318872592002FD2A5 /* Images.xcassets in Resources */,
				3A1D1FC518872592002FD2A5 /* InfoPlist.strings in Resources */,
				3A1D1FCE18872592002FD2A5 /* Main.storyboard in Resources */,
			);
			runOnlyForDeploymentPostprocessing = 0;
		};
		3A1D1FD618872592002FD2A5 /* Resources */ = {
			isa = PBXResourcesBuildPhase;
			buildActionMask = 2147483647;
			files = (
				3A1D1FE418872592002FD2A5 /* InfoPlist.strings in Resources */,
			);
			runOnlyForDeploymentPostprocessing = 0;
		};
/* End PBXResourcesBuildPhase section */

/* Begin PBXSourcesBuildPhase section */
		3A1D1FB318872592002FD2A5 /* Sources */ = {
			isa = PBXSourcesBuildPhase;
			buildActionMask = 2147483647;
			files = (
				3A1D1FD118872592002FD2A5 /* ViewController.m in Sources */,
				3A1D1FCB18872592002FD2A5 /* AppDelegate.m in Sources */,
				3A1D1FC718872592002FD2A5 /* main.m in Sources */,
				3A1D1FF1188725AE002FD2A5 /* DieLabel.m in Sources */,
			);
			runOnlyForDeploymentPostprocessing = 0;
		};
		3A1D1FD418872592002FD2A5 /* Sources */ = {
			isa = PBXSourcesBuildPhase;
			buildActionMask = 2147483647;
			files = (
				3A1D1FE618872592002FD2A5 /* FarkleTests.m in Sources */,
			);
			runOnlyForDeploymentPostprocessing = 0;
		};
/* End PBXSourcesBuildPhase section */

/* Begin PBXTargetDependency section */
		3A1D1FDE18872592002FD2A5 /* PBXTargetDependency */ = {
			isa = PBXTargetDependency;
			target = 3A1D1FB618872592002FD2A5 /* Farkle */;
			targetProxy = 3A1D1FDD18872592002FD2A5 /* PBXContainerItemProxy */;
		};
/* End PBXTargetDependency section */

/* Begin PBXVariantGroup section */
		3A1D1FC318872592002FD2A5 /* InfoPlist.strings */ = {
			isa = PBXVariantGroup;
			children = (
				3A1D1FC418872592002FD2A5 /* en */,
			);
			name = InfoPlist.strings;
			sourceTree = "<group>";
		};
		3A1D1FCC18872592002FD2A5 /* Main.storyboard */ = {
			isa = PBXVariantGroup;
			children = (
				3A1D1FCD18872592002FD2A5 /* Base */,
			);
			name = Main.storyboard;
			sourceTree = "<group>";
		};
		3A1D1FE218872592002FD2A5 /* InfoPlist.strings */ = {
			isa = PBXVariantGroup;
			children = (
				3A1D1FE318872592002FD2A5 /* en */,
			);
			name = InfoPlist.strings;
			sourceTree = "<group>";
		};
/* End PBXVariantGroup section */

/* Begin XCBuildConfiguration section */
		3A1D1FE718872592002FD2A5 /* Debug */ = {
			isa = XCBuildConfiguration;
			buildSettings = {
				ALWAYS_SEARCH_USER_PATHS = NO;
				ARCHS = "$(ARCHS_STANDARD_INCLUDING_64_BIT)";
				CLANG_CXX_LANGUAGE_STANDARD = "gnu++0x";
				CLANG_CXX_LIBRARY = "libc++";
				CLANG_ENABLE_MODULES = YES;
				CLANG_ENABLE_OBJC_ARC = YES;
				CLANG_WARN_BOOL_CONVERSION = YES;
				CLANG_WARN_CONSTANT_CONVERSION = YES;
				CLANG_WARN_DIRECT_OBJC_ISA_USAGE = YES_ERROR;
				CLANG_WARN_EMPTY_BODY = YES;
				CLANG_WARN_ENUM_CONVERSION = YES;
				CLANG_WARN_INT_CONVERSION = YES;
				CLANG_WARN_OBJC_ROOT_CLASS = YES_ERROR;
				CLANG_WARN__DUPLICATE_METHOD_MATCH = YES;
				"CODE_SIGN_IDENTITY[sdk=iphoneos*]" = "iPhone Developer";
				COPY_PHASE_STRIP = NO;
				GCC_C_LANGUAGE_STANDARD = gnu99;
				GCC_DYNAMIC_NO_PIC = NO;
				GCC_OPTIMIZATION_LEVEL = 0;
				GCC_PREPROCESSOR_DEFINITIONS = (
					"DEBUG=1",
					"$(inherited)",
				);
				GCC_SYMBOLS_PRIVATE_EXTERN = NO;
				GCC_WARN_64_TO_32_BIT_CONVERSION = YES;
				GCC_WARN_ABOUT_RETURN_TYPE = YES_ERROR;
				GCC_WARN_UNDECLARED_SELECTOR = YES;
				GCC_WARN_UNINITIALIZED_AUTOS = YES;
				GCC_WARN_UNUSED_FUNCTION = YES;
				GCC_WARN_UNUSED_VARIABLE = YES;
				IPHONEOS_DEPLOYMENT_TARGET = 7.0;
				ONLY_ACTIVE_ARCH = YES;
				SDKROOT = iphoneos;
			};
			name = Debug;
		};
		3A1D1FE818872592002FD2A5 /* Release */ = {
			isa = XCBuildConfiguration;
			buildSettings = {
				ALWAYS_SEARCH_USER_PATHS = NO;
				ARCHS = "$(ARCHS_STANDARD_INCLUDING_64_BIT)";
				CLANG_CXX_LANGUAGE_STANDARD = "gnu++0x";
				CLANG_CXX_LIBRARY = "libc++";
				CLANG_ENABLE_MODULES = YES;
				CLANG_ENABLE_OBJC_ARC = YES;
				CLANG_WARN_BOOL_CONVERSION = YES;
				CLANG_WARN_CONSTANT_CONVERSION = YES;
				CLANG_WARN_DIRECT_OBJC_ISA_USAGE = YES_ERROR;
				CLANG_WARN_EMPTY_BODY = YES;
				CLANG_WARN_ENUM_CONVERSION = YES;
				CLANG_WARN_INT_CONVERSION = YES;
				CLANG_WARN_OBJC_ROOT_CLASS = YES_ERROR;
				CLANG_WARN__DUPLICATE_METHOD_MATCH = YES;
				"CODE_SIGN_IDENTITY[sdk=iphoneos*]" = "iPhone Developer";
				COPY_PHASE_STRIP = YES;
				ENABLE_NS_ASSERTIONS = NO;
				GCC_C_LANGUAGE_STANDARD = gnu99;
				GCC_WARN_64_TO_32_BIT_CONVERSION = YES;
				GCC_WARN_ABOUT_RETURN_TYPE = YES_ERROR;
				GCC_WARN_UNDECLARED_SELECTOR = YES;
				GCC_WARN_UNINITIALIZED_AUTOS = YES;
				GCC_WARN_UNUSED_FUNCTION = YES;
				GCC_WARN_UNUSED_VARIABLE = YES;
				IPHONEOS_DEPLOYMENT_TARGET = 7.0;
				SDKROOT = iphoneos;
				VALIDATE_PRODUCT = YES;
			};
			name = Release;
		};
		3A1D1FEA18872592002FD2A5 /* Debug */ = {
			isa = XCBuildConfiguration;
			buildSettings = {
				ASSETCATALOG_COMPILER_APPICON_NAME = AppIcon;
				ASSETCATALOG_COMPILER_LAUNCHIMAGE_NAME = LaunchImage;
				FRAMEWORK_SEARCH_PATHS = (
					"$(inherited)",
					/Users/McMurdo1/Documents/MMPrep,
				);
				GCC_PRECOMPILE_PREFIX_HEADER = YES;
				GCC_PREFIX_HEADER = "Farkle/Farkle-Prefix.pch";
				INFOPLIST_FILE = "Farkle/Farkle-Info.plist";
				PRODUCT_NAME = "$(TARGET_NAME)";
				WRAPPER_EXTENSION = app;
			};
			name = Debug;
		};
		3A1D1FEB18872592002FD2A5 /* Release */ = {
			isa = XCBuildConfiguration;
			buildSettings = {
				ASSETCATALOG_COMPILER_APPICON_NAME = AppIcon;
				ASSETCATALOG_COMPILER_LAUNCHIMAGE_NAME = LaunchImage;
				FRAMEWORK_SEARCH_PATHS = (
					"$(inherited)",
					/Users/McMurdo1/Documents/MMPrep,
				);
				GCC_PRECOMPILE_PREFIX_HEADER = YES;
				GCC_PREFIX_HEADER = "Farkle/Farkle-Prefix.pch";
				INFOPLIST_FILE = "Farkle/Farkle-Info.plist";
				PRODUCT_NAME = "$(TARGET_NAME)";
				WRAPPER_EXTENSION = app;
			};
			name = Release;
		};
		3A1D1FED18872592002FD2A5 /* Debug */ = {
			isa = XCBuildConfiguration;
			buildSettings = {
				ARCHS = "$(ARCHS_STANDARD_INCLUDING_64_BIT)";
				BUNDLE_LOADER = "$(BUILT_PRODUCTS_DIR)/Farkle.app/Farkle";
				FRAMEWORK_SEARCH_PATHS = (
					"$(SDKROOT)/Developer/Library/Frameworks",
					"$(inherited)",
					"$(DEVELOPER_FRAMEWORKS_DIR)",
				);
				GCC_PRECOMPILE_PREFIX_HEADER = YES;
				GCC_PREFIX_HEADER = "Farkle/Farkle-Prefix.pch";
				GCC_PREPROCESSOR_DEFINITIONS = (
					"DEBUG=1",
					"$(inherited)",
				);
				INFOPLIST_FILE = "FarkleTests/FarkleTests-Info.plist";
				PRODUCT_NAME = "$(TARGET_NAME)";
				TEST_HOST = "$(BUNDLE_LOADER)";
				WRAPPER_EXTENSION = xctest;
			};
			name = Debug;
		};
		3A1D1FEE18872592002FD2A5 /* Release */ = {
			isa = XCBuildConfiguration;
			buildSettings = {
				ARCHS = "$(ARCHS_STANDARD_INCLUDING_64_BIT)";
				BUNDLE_LOADER = "$(BUILT_PRODUCTS_DIR)/Farkle.app/Farkle";
				FRAMEWORK_SEARCH_PATHS = (
					"$(SDKROOT)/Developer/Library/Frameworks",
					"$(inherited)",
					"$(DEVELOPER_FRAMEWORKS_DIR)",
				);
				GCC_PRECOMPILE_PREFIX_HEADER = YES;
				GCC_PREFIX_HEADER = "Farkle/Farkle-Prefix.pch";
				INFOPLIST_FILE = "FarkleTests/FarkleTests-Info.plist";
				PRODUCT_NAME = "$(TARGET_NAME)";
				TEST_HOST = "$(BUNDLE_LOADER)";
				WRAPPER_EXTENSION = xctest;
			};
			name = Release;
		};
/* End XCBuildConfiguration section */

/* Begin XCConfigurationList section */
		3A1D1FB218872592002FD2A5 /* Build configuration list for PBXProject "Farkle" */ = {
			isa = XCConfigurationList;
			buildConfigurations = (
				3A1D1FE718872592002FD2A5 /* Debug */,
				3A1D1FE818872592002FD2A5 /* Release */,
			);
			defaultConfigurationIsVisible = 0;
			defaultConfigurationName = Release;
		};
		3A1D1FE918872592002FD2A5 /* Build configuration list for PBXNativeTarget "Farkle" */ = {
			isa = XCConfigurationList;
			buildConfigurations = (
				3A1D1FEA18872592002FD2A5 /* Debug */,
				3A1D1FEB18872592002FD2A5 /* Release */,
			);
			defaultConfigurationIsVisible = 0;
		};
		3A1D1FEC18872592002FD2A5 /* Build configuration list for PBXNativeTarget "FarkleTests" */ = {
			isa = XCConfigurationList;
			buildConfigurations = (
				3A1D1FED18872592002FD2A5 /* Debug */,
				3A1D1FEE18872592002FD2A5 /* Release */,
			);
			defaultConfigurationIsVisible = 0;
		};
/* End XCConfigurationList section */
	};
	rootObject = 3A1D1FAF18872592002FD2A5 /* Project object */;
}
